// !$*UTF8*$!
{
	archiveVersion = 1;
	classes = {
	};
	objectVersion = 56;
	objects = {

/* Begin PBXBuildFile section */
		0069A19B2B33DDDA00BC101A /* Mall_DemoApp.swift in Sources */ = {isa = PBXBuildFile; fileRef = 0069A19A2B33DDDA00BC101A /* Mall_DemoApp.swift */; };
		0069A19D2B33DDDA00BC101A /* ContentView.swift in Sources */ = {isa = PBXBuildFile; fileRef = 0069A19C2B33DDDA00BC101A /* ContentView.swift */; };
		0069A19F2B33DDDE00BC101A /* Assets.xcassets in Resources */ = {isa = PBXBuildFile; fileRef = 0069A19E2B33DDDE00BC101A /* Assets.xcassets */; };
		0069A1A22B33DDDE00BC101A /* Preview Assets.xcassets in Resources */ = {isa = PBXBuildFile; fileRef = 0069A1A12B33DDDE00BC101A /* Preview Assets.xcassets */; };
		008A6D7B2B46CC0E00C2BED9 /* MeView.swift in Sources */ = {isa = PBXBuildFile; fileRef = 008A6D7A2B46CC0E00C2BED9 /* MeView.swift */; };
		008A6D7D2B46CC4B00C2BED9 /* MeModel.swift in Sources */ = {isa = PBXBuildFile; fileRef = 008A6D7C2B46CC4B00C2BED9 /* MeModel.swift */; };
		008A6D7F2B46CC7400C2BED9 /* MeViewModel.swift in Sources */ = {isa = PBXBuildFile; fileRef = 008A6D7E2B46CC7400C2BED9 /* MeViewModel.swift */; };
		008A6D812B46CCC500C2BED9 /* HomeModel.swift in Sources */ = {isa = PBXBuildFile; fileRef = 008A6D802B46CCC500C2BED9 /* HomeModel.swift */; };
		008A6D832B46CCD000C2BED9 /* HomeViewModel.swift in Sources */ = {isa = PBXBuildFile; fileRef = 008A6D822B46CCD000C2BED9 /* HomeViewModel.swift */; };
		008A6D852B46CCDA00C2BED9 /* HomeView.swift in Sources */ = {isa = PBXBuildFile; fileRef = 008A6D842B46CCDA00C2BED9 /* HomeView.swift */; };
		008A6D882B47A01D00C2BED9 /* ProductDetailViewModel.swift in Sources */ = {isa = PBXBuildFile; fileRef = 008A6D872B47A01D00C2BED9 /* ProductDetailViewModel.swift */; };
		008A6D8A2B47A02900C2BED9 /* ProductDetailView.swift in Sources */ = {isa = PBXBuildFile; fileRef = 008A6D892B47A02900C2BED9 /* ProductDetailView.swift */; };
		008A6D8C2B47A03400C2BED9 /* ProductDetailModel.swift in Sources */ = {isa = PBXBuildFile; fileRef = 008A6D8B2B47A03400C2BED9 /* ProductDetailModel.swift */; };
		00D2A3552B3D585900882841 /* product-list.json in Resources */ = {isa = PBXBuildFile; fileRef = 00D2A3542B3D585900882841 /* product-list.json */; };
		00D2A3572B3D586C00882841 /* product-detail.json in Resources */ = {isa = PBXBuildFile; fileRef = 00D2A3562B3D586C00882841 /* product-detail.json */; };
		00D2A35A2B3D5FBD00882841 /* URLImage in Frameworks */ = {isa = PBXBuildFile; productRef = 00D2A3592B3D5FBD00882841 /* URLImage */; };
/* End PBXBuildFile section */

/* Begin PBXFileReference section */
		0069A1972B33DDDA00BC101A /* Mall Demo.app */ = {isa = PBXFileReference; explicitFileType = wrapper.application; includeInIndex = 0; path = "Mall Demo.app"; sourceTree = BUILT_PRODUCTS_DIR; };
		0069A19A2B33DDDA00BC101A /* Mall_DemoApp.swift */ = {isa = PBXFileReference; lastKnownFileType = sourcecode.swift; path = Mall_DemoApp.swift; sourceTree = "<group>"; };
		0069A19C2B33DDDA00BC101A /* ContentView.swift */ = {isa = PBXFileReference; lastKnownFileType = sourcecode.swift; path = ContentView.swift; sourceTree = "<group>"; };
		0069A19E2B33DDDE00BC101A /* Assets.xcassets */ = {isa = PBXFileReference; lastKnownFileType = folder.assetcatalog; path = Assets.xcassets; sourceTree = "<group>"; };
		0069A1A12B33DDDE00BC101A /* Preview Assets.xcassets */ = {isa = PBXFileReference; lastKnownFileType = folder.assetcatalog; path = "Preview Assets.xcassets"; sourceTree = "<group>"; };
		008A6D7A2B46CC0E00C2BED9 /* MeView.swift */ = {isa = PBXFileReference; lastKnownFileType = sourcecode.swift; path = MeView.swift; sourceTree = "<group>"; };
		008A6D7C2B46CC4B00C2BED9 /* MeModel.swift */ = {isa = PBXFileReference; lastKnownFileType = sourcecode.swift; path = MeModel.swift; sourceTree = "<group>"; };
		008A6D7E2B46CC7400C2BED9 /* MeViewModel.swift */ = {isa = PBXFileReference; lastKnownFileType = sourcecode.swift; path = MeViewModel.swift; sourceTree = "<group>"; };
		008A6D802B46CCC500C2BED9 /* HomeModel.swift */ = {isa = PBXFileReference; lastKnownFileType = sourcecode.swift; path = HomeModel.swift; sourceTree = "<group>"; };
		008A6D822B46CCD000C2BED9 /* HomeViewModel.swift */ = {isa = PBXFileReference; lastKnownFileType = sourcecode.swift; path = HomeViewModel.swift; sourceTree = "<group>"; };
		008A6D842B46CCDA00C2BED9 /* HomeView.swift */ = {isa = PBXFileReference; lastKnownFileType = sourcecode.swift; path = HomeView.swift; sourceTree = "<group>"; };
		008A6D872B47A01D00C2BED9 /* ProductDetailViewModel.swift */ = {isa = PBXFileReference; lastKnownFileType = sourcecode.swift; path = ProductDetailViewModel.swift; sourceTree = "<group>"; };
		008A6D892B47A02900C2BED9 /* ProductDetailView.swift */ = {isa = PBXFileReference; lastKnownFileType = sourcecode.swift; path = ProductDetailView.swift; sourceTree = "<group>"; };
		008A6D8B2B47A03400C2BED9 /* ProductDetailModel.swift */ = {isa = PBXFileReference; lastKnownFileType = sourcecode.swift; path = ProductDetailModel.swift; sourceTree = "<group>"; };
		00D2A3542B3D585900882841 /* product-list.json */ = {isa = PBXFileReference; lastKnownFileType = text.json; name = "product-list.json"; path = "Mall Demo/product-list.json"; sourceTree = SOURCE_ROOT; };
		00D2A3562B3D586C00882841 /* product-detail.json */ = {isa = PBXFileReference; lastKnownFileType = text.json; name = "product-detail.json"; path = "Mall Demo/product-detail.json"; sourceTree = SOURCE_ROOT; };
/* End PBXFileReference section */

/* Begin PBXFrameworksBuildPhase section */
		0069A1942B33DDDA00BC101A /* Frameworks */ = {
			isa = PBXFrameworksBuildPhase;
			buildActionMask = 2147483647;
			files = (
				00D2A35A2B3D5FBD00882841 /* URLImage in Frameworks */,
			);
			runOnlyForDeploymentPostprocessing = 0;
		};
/* End PBXFrameworksBuildPhase section */

/* Begin PBXGroup section */
		0069A18E2B33DDDA00BC101A = {
			isa = PBXGroup;
			children = (
				0069A1992B33DDDA00BC101A /* Mall Demo */,
				0069A1982B33DDDA00BC101A /* Products */,
			);
			sourceTree = "<group>";
		};
		0069A1982B33DDDA00BC101A /* Products */ = {
			isa = PBXGroup;
			children = (
				0069A1972B33DDDA00BC101A /* Mall Demo.app */,
			);
			name = Products;
			sourceTree = "<group>";
		};
		0069A1992B33DDDA00BC101A /* Mall Demo */ = {
			isa = PBXGroup;
			children = (
				008A6D702B46CA5900C2BED9 /* Views */,
				00D2A3522B3D578F00882841 /* Resources */,
				0069A19A2B33DDDA00BC101A /* Mall_DemoApp.swift */,
				0069A19C2B33DDDA00BC101A /* ContentView.swift */,
				0069A19E2B33DDDE00BC101A /* Assets.xcassets */,
				0069A1A02B33DDDE00BC101A /* Preview Content */,
			);
			path = "Mall Demo";
			sourceTree = "<group>";
		};
		0069A1A02B33DDDE00BC101A /* Preview Content */ = {
			isa = PBXGroup;
			children = (
				0069A1A12B33DDDE00BC101A /* Preview Assets.xcassets */,
			);
			path = "Preview Content";
			sourceTree = "<group>";
		};
		008A6D702B46CA5900C2BED9 /* Views */ = {
			isa = PBXGroup;
			children = (
				008A6D862B47A00F00C2BED9 /* ProductDetail */,
				008A6D722B46CAC400C2BED9 /* Me */,
				008A6D712B46CAB800C2BED9 /* Home */,
			);
			path = Views;
			sourceTree = "<group>";
		};
		008A6D712B46CAB800C2BED9 /* Home */ = {
			isa = PBXGroup;
			children = (
				008A6D802B46CCC500C2BED9 /* HomeModel.swift */,
				008A6D822B46CCD000C2BED9 /* HomeViewModel.swift */,
				008A6D842B46CCDA00C2BED9 /* HomeView.swift */,
			);
			path = Home;
			sourceTree = "<group>";
		};
		008A6D722B46CAC400C2BED9 /* Me */ = {
			isa = PBXGroup;
			children = (
				008A6D7A2B46CC0E00C2BED9 /* MeView.swift */,
				008A6D7C2B46CC4B00C2BED9 /* MeModel.swift */,
				008A6D7E2B46CC7400C2BED9 /* MeViewModel.swift */,
			);
			path = Me;
			sourceTree = "<group>";
		};
		008A6D862B47A00F00C2BED9 /* ProductDetail */ = {
			isa = PBXGroup;
			children = (
				008A6D872B47A01D00C2BED9 /* ProductDetailViewModel.swift */,
				008A6D892B47A02900C2BED9 /* ProductDetailView.swift */,
				008A6D8B2B47A03400C2BED9 /* ProductDetailModel.swift */,
			);
			path = ProductDetail;
			sourceTree = "<group>";
		};
		00D2A3522B3D578F00882841 /* Resources */ = {
			isa = PBXGroup;
			children = (
				00D2A3542B3D585900882841 /* product-list.json */,
				00D2A3562B3D586C00882841 /* product-detail.json */,
			);
			path = Resources;
			sourceTree = "<group>";
		};
/* End PBXGroup section */

/* Begin PBXNativeTarget section */
		0069A1962B33DDDA00BC101A /* Mall Demo */ = {
			isa = PBXNativeTarget;
			buildConfigurationList = 0069A1A52B33DDDE00BC101A /* Build configuration list for PBXNativeTarget "Mall Demo" */;
			buildPhases = (
				0069A1932B33DDDA00BC101A /* Sources */,
				0069A1942B33DDDA00BC101A /* Frameworks */,
				0069A1952B33DDDA00BC101A /* Resources */,
			);
			buildRules = (
			);
			dependencies = (
			);
			name = "Mall Demo";
			packageProductDependencies = (
				00D2A3592B3D5FBD00882841 /* URLImage */,
			);
			productName = "Mall Demo";
			productReference = 0069A1972B33DDDA00BC101A /* Mall Demo.app */;
			productType = "com.apple.product-type.application";
		};
/* End PBXNativeTarget section */

/* Begin PBXProject section */
		0069A18F2B33DDDA00BC101A /* Project object */ = {
			isa = PBXProject;
			attributes = {
				BuildIndependentTargetsInParallel = 1;
				LastSwiftUpdateCheck = 1410;
				LastUpgradeCheck = 1410;
				TargetAttributes = {
					0069A1962B33DDDA00BC101A = {
						CreatedOnToolsVersion = 14.1;
					};
				};
			};
			buildConfigurationList = 0069A1922B33DDDA00BC101A /* Build configuration list for PBXProject "Mall Demo" */;
			compatibilityVersion = "Xcode 14.0";
			developmentRegion = en;
			hasScannedForEncodings = 0;
			knownRegions = (
				en,
				Base,
			);
			mainGroup = 0069A18E2B33DDDA00BC101A;
			packageReferences = (
				00D2A3582B3D5FBD00882841 /* XCRemoteSwiftPackageReference "url-image" */,
			);
			productRefGroup = 0069A1982B33DDDA00BC101A /* Products */;
			projectDirPath = "";
			projectRoot = "";
			targets = (
				0069A1962B33DDDA00BC101A /* Mall Demo */,
			);
		};
/* End PBXProject section */

/* Begin PBXResourcesBuildPhase section */
		0069A1952B33DDDA00BC101A /* Resources */ = {
			isa = PBXResourcesBuildPhase;
			buildActionMask = 2147483647;
			files = (
				00D2A3572B3D586C00882841 /* product-detail.json in Resources */,
				0069A1A22B33DDDE00BC101A /* Preview Assets.xcassets in Resources */,
				0069A19F2B33DDDE00BC101A /* Assets.xcassets in Resources */,
				00D2A3552B3D585900882841 /* product-list.json in Resources */,
			);
			runOnlyForDeploymentPostprocessing = 0;
		};
/* End PBXResourcesBuildPhase section */

/* Begin PBXSourcesBuildPhase section */
		0069A1932B33DDDA00BC101A /* Sources */ = {
			isa = PBXSourcesBuildPhase;
			buildActionMask = 2147483647;
			files = (
				008A6D7F2B46CC7400C2BED9 /* MeViewModel.swift in Sources */,
				008A6D8A2B47A02900C2BED9 /* ProductDetailView.swift in Sources */,
				008A6D852B46CCDA00C2BED9 /* HomeView.swift in Sources */,
				008A6D812B46CCC500C2BED9 /* HomeModel.swift in Sources */,
				008A6D7D2B46CC4B00C2BED9 /* MeModel.swift in Sources */,
				008A6D832B46CCD000C2BED9 /* HomeViewModel.swift in Sources */,
				0069A19D2B33DDDA00BC101A /* ContentView.swift in Sources */,
				008A6D7B2B46CC0E00C2BED9 /* MeView.swift in Sources */,
				0069A19B2B33DDDA00BC101A /* Mall_DemoApp.swift in Sources */,
				008A6D882B47A01D00C2BED9 /* ProductDetailViewModel.swift in Sources */,
				008A6D8C2B47A03400C2BED9 /* ProductDetailModel.swift in Sources */,
			);
			runOnlyForDeploymentPostprocessing = 0;
		};
/* End PBXSourcesBuildPhase section */

/* Begin XCBuildConfiguration section */
		0069A1A32B33DDDE00BC101A /* Debug */ = {
			isa = XCBuildConfiguration;
			buildSettings = {
				ALWAYS_SEARCH_USER_PATHS = NO;
				CLANG_ANALYZER_NONNULL = YES;
				CLANG_ANALYZER_NUMBER_OBJECT_CONVERSION = YES_AGGRESSIVE;
				CLANG_CXX_LANGUAGE_STANDARD = "gnu++20";
				CLANG_ENABLE_MODULES = YES;
				CLANG_ENABLE_OBJC_ARC = YES;
				CLANG_ENABLE_OBJC_WEAK = YES;
				CLANG_WARN_BLOCK_CAPTURE_AUTORELEASING = YES;
				CLANG_WARN_BOOL_CONVERSION = YES;
				CLANG_WARN_COMMA = YES;
				CLANG_WARN_CONSTANT_CONVERSION = YES;
				CLANG_WARN_DEPRECATED_OBJC_IMPLEMENTATIONS = YES;
				CLANG_WARN_DIRECT_OBJC_ISA_USAGE = YES_ERROR;
				CLANG_WARN_DOCUMENTATION_COMMENTS = YES;
				CLANG_WARN_EMPTY_BODY = YES;
				CLANG_WARN_ENUM_CONVERSION = YES;
				CLANG_WARN_INFINITE_RECURSION = YES;
				CLANG_WARN_INT_CONVERSION = YES;
				CLANG_WARN_NON_LITERAL_NULL_CONVERSION = YES;
				CLANG_WARN_OBJC_IMPLICIT_RETAIN_SELF = YES;
				CLANG_WARN_OBJC_LITERAL_CONVERSION = YES;
				CLANG_WARN_OBJC_ROOT_CLASS = YES_ERROR;
				CLANG_WARN_QUOTED_INCLUDE_IN_FRAMEWORK_HEADER = YES;
				CLANG_WARN_RANGE_LOOP_ANALYSIS = YES;
				CLANG_WARN_STRICT_PROTOTYPES = YES;
				CLANG_WARN_SUSPICIOUS_MOVE = YES;
				CLANG_WARN_UNGUARDED_AVAILABILITY = YES_AGGRESSIVE;
				CLANG_WARN_UNREACHABLE_CODE = YES;
				CLANG_WARN__DUPLICATE_METHOD_MATCH = YES;
				COPY_PHASE_STRIP = NO;
				DEBUG_INFORMATION_FORMAT = dwarf;
				ENABLE_STRICT_OBJC_MSGSEND = YES;
				ENABLE_TESTABILITY = YES;
				GCC_C_LANGUAGE_STANDARD = gnu11;
				GCC_DYNAMIC_NO_PIC = NO;
				GCC_NO_COMMON_BLOCKS = YES;
				GCC_OPTIMIZATION_LEVEL = 0;
				GCC_PREPROCESSOR_DEFINITIONS = (
					"DEBUG=1",
					"$(inherited)",
				);
				GCC_WARN_64_TO_32_BIT_CONVERSION = YES;
				GCC_WARN_ABOUT_RETURN_TYPE = YES_ERROR;
				GCC_WARN_UNDECLARED_SELECTOR = YES;
				GCC_WARN_UNINITIALIZED_AUTOS = YES_AGGRESSIVE;
				GCC_WARN_UNUSED_FUNCTION = YES;
				GCC_WARN_UNUSED_VARIABLE = YES;
				IPHONEOS_DEPLOYMENT_TARGET = 16.1;
				MTL_ENABLE_DEBUG_INFO = INCLUDE_SOURCE;
				MTL_FAST_MATH = YES;
				ONLY_ACTIVE_ARCH = YES;
				SDKROOT = iphoneos;
				SWIFT_ACTIVE_COMPILATION_CONDITIONS = DEBUG;
				SWIFT_OPTIMIZATION_LEVEL = "-Onone";
			};
			name = Debug;
		};
		0069A1A42B33DDDE00BC101A /* Release */ = {
			isa = XCBuildConfiguration;
			buildSettings = {
				ALWAYS_SEARCH_USER_PATHS = NO;
				CLANG_ANALYZER_NONNULL = YES;
				CLANG_ANALYZER_NUMBER_OBJECT_CONVERSION = YES_AGGRESSIVE;
				CLANG_CXX_LANGUAGE_STANDARD = "gnu++20";
				CLANG_ENABLE_MODULES = YES;
				CLANG_ENABLE_OBJC_ARC = YES;
				CLANG_ENABLE_OBJC_WEAK = YES;
				CLANG_WARN_BLOCK_CAPTURE_AUTORELEASING = YES;
				CLANG_WARN_BOOL_CONVERSION = YES;
				CLANG_WARN_COMMA = YES;
				CLANG_WARN_CONSTANT_CONVERSION = YES;
				CLANG_WARN_DEPRECATED_OBJC_IMPLEMENTATIONS = YES;
				CLANG_WARN_DIRECT_OBJC_ISA_USAGE = YES_ERROR;
				CLANG_WARN_DOCUMENTATION_COMMENTS = YES;
				CLANG_WARN_EMPTY_BODY = YES;
				CLANG_WARN_ENUM_CONVERSION = YES;
				CLANG_WARN_INFINITE_RECURSION = YES;
				CLANG_WARN_INT_CONVERSION = YES;
				CLANG_WARN_NON_LITERAL_NULL_CONVERSION = YES;
				CLANG_WARN_OBJC_IMPLICIT_RETAIN_SELF = YES;
				CLANG_WARN_OBJC_LITERAL_CONVERSION = YES;
				CLANG_WARN_OBJC_ROOT_CLASS = YES_ERROR;
				CLANG_WARN_QUOTED_INCLUDE_IN_FRAMEWORK_HEADER = YES;
				CLANG_WARN_RANGE_LOOP_ANALYSIS = YES;
				CLANG_WARN_STRICT_PROTOTYPES = YES;
				CLANG_WARN_SUSPICIOUS_MOVE = YES;
				CLANG_WARN_UNGUARDED_AVAILABILITY = YES_AGGRESSIVE;
				CLANG_WARN_UNREACHABLE_CODE = YES;
				CLANG_WARN__DUPLICATE_METHOD_MATCH = YES;
				COPY_PHASE_STRIP = NO;
				DEBUG_INFORMATION_FORMAT = "dwarf-with-dsym";
				ENABLE_NS_ASSERTIONS = NO;
				ENABLE_STRICT_OBJC_MSGSEND = YES;
				GCC_C_LANGUAGE_STANDARD = gnu11;
				GCC_NO_COMMON_BLOCKS = YES;
				GCC_WARN_64_TO_32_BIT_CONVERSION = YES;
				GCC_WARN_ABOUT_RETURN_TYPE = YES_ERROR;
				GCC_WARN_UNDECLARED_SELECTOR = YES;
				GCC_WARN_UNINITIALIZED_AUTOS = YES_AGGRESSIVE;
				GCC_WARN_UNUSED_FUNCTION = YES;
				GCC_WARN_UNUSED_VARIABLE = YES;
				IPHONEOS_DEPLOYMENT_TARGET = 16.1;
				MTL_ENABLE_DEBUG_INFO = NO;
				MTL_FAST_MATH = YES;
				SDKROOT = iphoneos;
				SWIFT_COMPILATION_MODE = wholemodule;
				SWIFT_OPTIMIZATION_LEVEL = "-O";
				VALIDATE_PRODUCT = YES;
			};
			name = Release;
		};
		0069A1A62B33DDDE00BC101A /* Debug */ = {
			isa = XCBuildConfiguration;
			buildSettings = {
				ASSETCATALOG_COMPILER_APPICON_NAME = AppIcon;
				ASSETCATALOG_COMPILER_GLOBAL_ACCENT_COLOR_NAME = AccentColor;
				CODE_SIGN_STYLE = Automatic;
				CURRENT_PROJECT_VERSION = 1;
				DEVELOPMENT_ASSET_PATHS = "\"Mall Demo/Preview Content\"";
				DEVELOPMENT_TEAM = 5F8LXPKLQ4;
				ENABLE_PREVIEWS = YES;
				GENERATE_INFOPLIST_FILE = YES;
				INFOPLIST_KEY_UIApplicationSceneManifest_Generation = YES;
				INFOPLIST_KEY_UIApplicationSupportsIndirectInputEvents = YES;
				INFOPLIST_KEY_UILaunchScreen_Generation = YES;
				INFOPLIST_KEY_UISupportedInterfaceOrientations_iPad = "UIInterfaceOrientationPortrait UIInterfaceOrientationPortraitUpsideDown UIInterfaceOrientationLandscapeLeft UIInterfaceOrientationLandscapeRight";
				INFOPLIST_KEY_UISupportedInterfaceOrientations_iPhone = "UIInterfaceOrientationPortrait UIInterfaceOrientationLandscapeLeft UIInterfaceOrientationLandscapeRight";
				LD_RUNPATH_SEARCH_PATHS = (
					"$(inherited)",
					"@executable_path/Frameworks",
				);
				MARKETING_VERSION = 1.0;
				PRODUCT_BUNDLE_IDENTIFIER = "Demo.Mall-Demo";
				PRODUCT_NAME = "$(TARGET_NAME)";
				SWIFT_EMIT_LOC_STRINGS = YES;
				SWIFT_VERSION = 5.0;
				TARGETED_DEVICE_FAMILY = "1,2";
			};
			name = Debug;
		};
		0069A1A72B33DDDE00BC101A /* Release */ = {
			isa = XCBuildConfiguration;
			buildSettings = {
				ASSETCATALOG_COMPILER_APPICON_NAME = AppIcon;
				ASSETCATALOG_COMPILER_GLOBAL_ACCENT_COLOR_NAME = AccentColor;
				CODE_SIGN_STYLE = Automatic;
				CURRENT_PROJECT_VERSION = 1;
				DEVELOPMENT_ASSET_PATHS = "\"Mall Demo/Preview Content\"";
				DEVELOPMENT_TEAM = 5F8LXPKLQ4;
				ENABLE_PREVIEWS = YES;
				GENERATE_INFOPLIST_FILE = YES;
				INFOPLIST_KEY_UIApplicationSceneManifest_Generation = YES;
				INFOPLIST_KEY_UIApplicationSupportsIndirectInputEvents = YES;
				INFOPLIST_KEY_UILaunchScreen_Generation = YES;
				INFOPLIST_KEY_UISupportedInterfaceOrientations_iPad = "UIInterfaceOrientationPortrait UIInterfaceOrientationPortraitUpsideDown UIInterfaceOrientationLandscapeLeft UIInterfaceOrientationLandscapeRight";
				INFOPLIST_KEY_UISupportedInterfaceOrientations_iPhone = "UIInterfaceOrientationPortrait UIInterfaceOrientationLandscapeLeft UIInterfaceOrientationLandscapeRight";
				LD_RUNPATH_SEARCH_PATHS = (
					"$(inherited)",
					"@executable_path/Frameworks",
				);
				MARKETING_VERSION = 1.0;
				PRODUCT_BUNDLE_IDENTIFIER = "Demo.Mall-Demo";
				PRODUCT_NAME = "$(TARGET_NAME)";
				SWIFT_EMIT_LOC_STRINGS = YES;
				SWIFT_VERSION = 5.0;
				TARGETED_DEVICE_FAMILY = "1,2";
			};
			name = Release;
		};
/* End XCBuildConfiguration section */

/* Begin XCConfigurationList section */
		0069A1922B33DDDA00BC101A /* Build configuration list for PBXProject "Mall Demo" */ = {
			isa = XCConfigurationList;
			buildConfigurations = (
				0069A1A32B33DDDE00BC101A /* Debug */,
				0069A1A42B33DDDE00BC101A /* Release */,
			);
			defaultConfigurationIsVisible = 0;
			defaultConfigurationName = Release;
		};
		0069A1A52B33DDDE00BC101A /* Build configuration list for PBXNativeTarget "Mall Demo" */ = {
			isa = XCConfigurationList;
			buildConfigurations = (
				0069A1A62B33DDDE00BC101A /* Debug */,
				0069A1A72B33DDDE00BC101A /* Release */,
			);
			defaultConfigurationIsVisible = 0;
			defaultConfigurationName = Release;
		};
/* End XCConfigurationList section */

/* Begin XCRemoteSwiftPackageReference section */
		00D2A3582B3D5FBD00882841 /* XCRemoteSwiftPackageReference "url-image" */ = {
			isa = XCRemoteSwiftPackageReference;
			repositoryURL = "https://github.com/dmytro-anokhin/url-image";
			requirement = {
				kind = upToNextMajorVersion;
				minimumVersion = 3.0.0;
			};
		};
/* End XCRemoteSwiftPackageReference section */

/* Begin XCSwiftPackageProductDependency section */
		00D2A3592B3D5FBD00882841 /* URLImage */ = {
			isa = XCSwiftPackageProductDependency;
			package = 00D2A3582B3D5FBD00882841 /* XCRemoteSwiftPackageReference "url-image" */;
			productName = URLImage;
		};
/* End XCSwiftPackageProductDependency section */
	};
	rootObject = 0069A18F2B33DDDA00BC101A /* Project object */;
}
